
Microsoft Visual Studio Solution File, Format Version 12.00
# Visual Studio Version 17
VisualStudioVersion = 17.7.34221.43
MinimumVisualStudioVersion = 10.0.40219.1
Project("{FAE04EC0-301F-11D3-BF4B-00C04F79EFBC}") = "DEMOPRACTICE_textred", "DEMOPRACTICE_textred\DEMOPRACTICE_textred.csproj", "{E8E0C77A-04FA-4209-AE8F-0036EF4881AA}"
EndProject
Global
	GlobalSection(SolutionConfigurationPlatforms) = preSolution
		Debug|Any CPU = Debug|Any CPU
		Release|Any CPU = Release|Any CPU
	EndGlobalSection
	GlobalSection(ProjectConfigurationPlatforms) = postSolution
		{E8E0C77A-04FA-4209-AE8F-0036EF4881AA}.Debug|Any CPU.ActiveCfg = Debug|Any CPU
		{E8E0C77A-04FA-4209-AE8F-0036EF4881AA}.Debug|Any CPU.Build.0 = Debug|Any CPU
		{E8E0C77A-04FA-4209-AE8F-0036EF4881AA}.Release|Any CPU.ActiveCfg = Release|Any CPU
		{E8E0C77A-04FA-4209-AE8F-0036EF4881AA}.Release|Any CPU.Build.0 = Release|Any CPU
	EndGlobalSection
	GlobalSection(SolutionProperties) = preSolution
		HideSolutionNode = FALSE
	EndGlobalSection
	GlobalSection(ExtensibilityGlobals) = postSolution
		SolutionGuid = {1CDA9A02-5D02-4877-A67F-8A107995A0AA}
	EndGlobalSection
EndGlobal
